
Microsoft Visual Studio Solution File, Format Version 12.00
# Visual Studio Version 16
VisualStudioVersion = 16.0.32901.82
MinimumVisualStudioVersion = 10.0.40219.1
Project("{FAE04EC0-301F-11D3-BF4B-00C04F79EFBC}") = "WhacAMole.UWP", "WhacAMole\WhacAMole.UWP\WhacAMole.UWP.csproj", "{D6920F43-959A-4D33-B724-541FD4E1247E}"
EndProject
Project("{FAE04EC0-301F-11D3-BF4B-00C04F79EFBC}") = "WhacAMole.Android", "WhacAMole\WhacAMole.Android\WhacAMole.Android.csproj", "{E5CCC5C4-E990-4699-9092-64A699163368}"
EndProject
Project("{FAE04EC0-301F-11D3-BF4B-00C04F79EFBC}") = "WhacAMole", "WhacAMole\WhacAMole\WhacAMole.csproj", "{372EF6D3-720B-4F2B-A4E3-9C3C04B36195}"
EndProject
Global
	GlobalSection(SolutionConfigurationPlatforms) = preSolution
		Debug|Any CPU = Debug|Any CPU
		Debug|ARM = Debug|ARM
		Debug|x64 = Debug|x64
		Debug|x86 = Debug|x86
		Release|Any CPU = Release|Any CPU
		Release|ARM = Release|ARM
		Release|x64 = Release|x64
		Release|x86 = Release|x86
	EndGlobalSection
	GlobalSection(ProjectConfigurationPlatforms) = postSolution
		{D6920F43-959A-4D33-B724-541FD4E1247E}.Debug|Any CPU.ActiveCfg = Debug|x86
		{D6920F43-959A-4D33-B724-541FD4E1247E}.Debug|Any CPU.Build.0 = Debug|x86
		{D6920F43-959A-4D33-B724-541FD4E1247E}.Debug|Any CPU.Deploy.0 = Debug|x86
		{D6920F43-959A-4D33-B724-541FD4E1247E}.Debug|ARM.ActiveCfg = Debug|ARM
		{D6920F43-959A-4D33-B724-541FD4E1247E}.Debug|ARM.Build.0 = Debug|ARM
		{D6920F43-959A-4D33-B724-541FD4E1247E}.Debug|ARM.Deploy.0 = Debug|ARM
		{D6920F43-959A-4D33-B724-541FD4E1247E}.Debug|x64.ActiveCfg = Debug|x64
		{D6920F43-959A-4D33-B724-541FD4E1247E}.Debug|x64.Build.0 = Debug|x64
		{D6920F43-959A-4D33-B724-541FD4E1247E}.Debug|x64.Deploy.0 = Debug|x64
		{D6920F43-959A-4D33-B724-541FD4E1247E}.Debug|x86.ActiveCfg = Debug|x86
		{D6920F43-959A-4D33-B724-541FD4E1247E}.Debug|x86.Build.0 = Debug|x86
		{D6920F43-959A-4D33-B724-541FD4E1247E}.Debug|x86.Deploy.0 = Debug|x86
		{D6920F43-959A-4D33-B724-541FD4E1247E}.Release|Any CPU.ActiveCfg = Release|x86
		{D6920F43-959A-4D33-B724-541FD4E1247E}.Release|Any CPU.Build.0 = Release|x86
		{D6920F43-959A-4D33-B724-541FD4E1247E}.Release|Any CPU.Deploy.0 = Release|x86
		{D6920F43-959A-4D33-B724-541FD4E1247E}.Release|ARM.ActiveCfg = Release|ARM
		{D6920F43-959A-4D33-B724-541FD4E1247E}.Release|ARM.Build.0 = Release|ARM
		{D6920F43-959A-4D33-B724-541FD4E1247E}.Release|ARM.Deploy.0 = Release|ARM
		{D6920F43-959A-4D33-B724-541FD4E1247E}.Release|x64.ActiveCfg = Release|x64
		{D6920F43-959A-4D33-B724-541FD4E1247E}.Release|x64.Build.0 = Release|x64
		{D6920F43-959A-4D33-B724-541FD4E1247E}.Release|x64.Deploy.0 = Release|x64
		{D6920F43-959A-4D33-B724-541FD4E1247E}.Release|x86.ActiveCfg = Release|x86
		{D6920F43-959A-4D33-B724-541FD4E1247E}.Release|x86.Build.0 = Release|x86
		{D6920F43-959A-4D33-B724-541FD4E1247E}.Release|x86.Deploy.0 = Release|x86
		{E5CCC5C4-E990-4699-9092-64A699163368}.Debug|Any CPU.ActiveCfg = Debug|Any CPU
		{E5CCC5C4-E990-4699-9092-64A699163368}.Debug|Any CPU.Build.0 = Debug|Any CPU
		{E5CCC5C4-E990-4699-9092-64A699163368}.Debug|Any CPU.Deploy.0 = Debug|Any CPU
		{E5CCC5C4-E990-4699-9092-64A699163368}.Debug|ARM.ActiveCfg = Debug|Any CPU
		{E5CCC5C4-E990-4699-9092-64A699163368}.Debug|ARM.Build.0 = Debug|Any CPU
		{E5CCC5C4-E990-4699-9092-64A699163368}.Debug|ARM.Deploy.0 = Debug|Any CPU
		{E5CCC5C4-E990-4699-9092-64A699163368}.Debug|x64.ActiveCfg = Debug|Any CPU
		{E5CCC5C4-E990-4699-9092-64A699163368}.Debug|x64.Build.0 = Debug|Any CPU
		{E5CCC5C4-E990-4699-9092-64A699163368}.Debug|x64.Deploy.0 = Debug|Any CPU
		{E5CCC5C4-E990-4699-9092-64A699163368}.Debug|x86.ActiveCfg = Debug|Any CPU
		{E5CCC5C4-E990-4699-9092-64A699163368}.Debug|x86.Build.0 = Debug|Any CPU
		{E5CCC5C4-E990-4699-9092-64A699163368}.Debug|x86.Deploy.0 = Debug|Any CPU
		{E5CCC5C4-E990-4699-9092-64A699163368}.Release|Any CPU.ActiveCfg = Release|Any CPU
		{E5CCC5C4-E990-4699-9092-64A699163368}.Release|Any CPU.Build.0 = Release|Any CPU
		{E5CCC5C4-E990-4699-9092-64A699163368}.Release|Any CPU.Deploy.0 = Release|Any CPU
		{E5CCC5C4-E990-4699-9092-64A699163368}.Release|ARM.ActiveCfg = Release|Any CPU
		{E5CCC5C4-E990-4699-9092-64A699163368}.Release|ARM.Build.0 = Release|Any CPU
		{E5CCC5C4-E990-4699-9092-64A699163368}.Release|ARM.Deploy.0 = Release|Any CPU
		{E5CCC5C4-E990-4699-9092-64A699163368}.Release|x64.ActiveCfg = Release|Any CPU
		{E5CCC5C4-E990-4699-9092-64A699163368}.Release|x64.Build.0 = Release|Any CPU
		{E5CCC5C4-E990-4699-9092-64A699163368}.Release|x64.Deploy.0 = Release|Any CPU
		{E5CCC5C4-E990-4699-9092-64A699163368}.Release|x86.ActiveCfg = Release|Any CPU
		{E5CCC5C4-E990-4699-9092-64A699163368}.Release|x86.Build.0 = Release|Any CPU
		{E5CCC5C4-E990-4699-9092-64A699163368}.Release|x86.Deploy.0 = Release|Any CPU
		{372EF6D3-720B-4F2B-A4E3-9C3C04B36195}.Debug|Any CPU.ActiveCfg = Debug|Any CPU
		{372EF6D3-720B-4F2B-A4E3-9C3C04B36195}.Debug|Any CPU.Build.0 = Debug|Any CPU
		{372EF6D3-720B-4F2B-A4E3-9C3C04B36195}.Debug|Any CPU.Deploy.0 = Debug|Any CPU
		{372EF6D3-720B-4F2B-A4E3-9C3C04B36195}.Debug|ARM.ActiveCfg = Debug|Any CPU
		{372EF6D3-720B-4F2B-A4E3-9C3C04B36195}.Debug|ARM.Build.0 = Debug|Any CPU
		{372EF6D3-720B-4F2B-A4E3-9C3C04B36195}.Debug|ARM.Deploy.0 = Debug|Any CPU
		{372EF6D3-720B-4F2B-A4E3-9C3C04B36195}.Debug|x64.ActiveCfg = Debug|Any CPU
		{372EF6D3-720B-4F2B-A4E3-9C3C04B36195}.Debug|x64.Build.0 = Debug|Any CPU
		{372EF6D3-720B-4F2B-A4E3-9C3C04B36195}.Debug|x64.Deploy.0 = Debug|Any CPU
		{372EF6D3-720B-4F2B-A4E3-9C3C04B36195}.Debug|x86.ActiveCfg = Debug|Any CPU
		{372EF6D3-720B-4F2B-A4E3-9C3C04B36195}.Debug|x86.Build.0 = Debug|Any CPU
		{372EF6D3-720B-4F2B-A4E3-9C3C04B36195}.Debug|x86.Deploy.0 = Debug|Any CPU
		{372EF6D3-720B-4F2B-A4E3-9C3C04B36195}.Release|Any CPU.ActiveCfg = Release|Any CPU
		{372EF6D3-720B-4F2B-A4E3-9C3C04B36195}.Release|Any CPU.Build.0 = Release|Any CPU
		{372EF6D3-720B-4F2B-A4E3-9C3C04B36195}.Release|Any CPU.Deploy.0 = Release|Any CPU
		{372EF6D3-720B-4F2B-A4E3-9C3C04B36195}.Release|ARM.ActiveCfg = Release|Any CPU
		{372EF6D3-720B-4F2B-A4E3-9C3C04B36195}.Release|ARM.Build.0 = Release|Any CPU
		{372EF6D3-720B-4F2B-A4E3-9C3C04B36195}.Release|ARM.Deploy.0 = Release|Any CPU
		{372EF6D3-720B-4F2B-A4E3-9C3C04B36195}.Release|x64.ActiveCfg = Release|Any CPU
		{372EF6D3-720B-4F2B-A4E3-9C3C04B36195}.Release|x64.Build.0 = Release|Any CPU
		{372EF6D3-720B-4F2B-A4E3-9C3C04B36195}.Release|x64.Deploy.0 = Release|Any CPU
		{372EF6D3-720B-4F2B-A4E3-9C3C04B36195}.Release|x86.ActiveCfg = Release|Any CPU
		{372EF6D3-720B-4F2B-A4E3-9C3C04B36195}.Release|x86.Build.0 = Release|Any CPU
		{372EF6D3-720B-4F2B-A4E3-9C3C04B36195}.Release|x86.Deploy.0 = Release|Any CPU
	EndGlobalSection
	GlobalSection(SolutionProperties) = preSolution
		HideSolutionNode = FALSE
	EndGlobalSection
	GlobalSection(ExtensibilityGlobals) = postSolution
		SolutionGuid = {CC43DA36-3B56-4F2A-B6B6-DBC8A3D46412}
	EndGlobalSection
EndGlobal
